// !$*UTF8*$!
{
	archiveVersion = 1;
	classes = {
	};
	objectVersion = 46;
	objects = {

/* Begin PBXBuildFile section */
		E912BA5E1D533A660097F23A /* main.m in Sources */ = {isa = PBXBuildFile; fileRef = E912BA5D1D533A660097F23A /* main.m */; };
		E912BA611D533A660097F23A /* AppDelegate.m in Sources */ = {isa = PBXBuildFile; fileRef = E912BA601D533A660097F23A /* AppDelegate.m */; };
		E912BA671D533A660097F23A /* Main.storyboard in Resources */ = {isa = PBXBuildFile; fileRef = E912BA651D533A660097F23A /* Main.storyboard */; };
		E912BA691D533A660097F23A /* Assets.xcassets in Resources */ = {isa = PBXBuildFile; fileRef = E912BA681D533A660097F23A /* Assets.xcassets */; };
		E912BA6C1D533A660097F23A /* LaunchScreen.storyboard in Resources */ = {isa = PBXBuildFile; fileRef = E912BA6A1D533A660097F23A /* LaunchScreen.storyboard */; };
		E912BA771D533A660097F23A /* AXAEddyStoneTests.m in Sources */ = {isa = PBXBuildFile; fileRef = E912BA761D533A660097F23A /* AXAEddyStoneTests.m */; };
		E912BA8D1D5346F40097F23A /* AXAScanViewController.m in Sources */ = {isa = PBXBuildFile; fileRef = E912BA8C1D5346F40097F23A /* AXAScanViewController.m */; };
		E912BA931D534AFF0097F23A /* UIView+Toast.m in Sources */ = {isa = PBXBuildFile; fileRef = E912BA921D534AFF0097F23A /* UIView+Toast.m */; };
		E933E91E1D645DAB009D71AC /* PowerCell.m in Sources */ = {isa = PBXBuildFile; fileRef = E933E91C1D645DAB009D71AC /* PowerCell.m */; };
		E933E91F1D645DAB009D71AC /* PowerCell.xib in Resources */ = {isa = PBXBuildFile; fileRef = E933E91D1D645DAB009D71AC /* PowerCell.xib */; };
		E939A2BC1D5857B50069CB57 /* AXACellArrayModel.m in Sources */ = {isa = PBXBuildFile; fileRef = E939A2BB1D5857B50069CB57 /* AXACellArrayModel.m */; };
		E9414BBE1D653E800026AA49 /* ModifyPasswordViewController.m in Sources */ = {isa = PBXBuildFile; fileRef = E9414BBD1D653E800026AA49 /* ModifyPasswordViewController.m */; };
		E9414BC11D6543480026AA49 /* NSString+Extension.m in Sources */ = {isa = PBXBuildFile; fileRef = E9414BC01D6543480026AA49 /* NSString+Extension.m */; };
		E94AB5971D54278C0023F14D /* EddystoneUIDCell.m in Sources */ = {isa = PBXBuildFile; fileRef = E94AB5951D54278C0023F14D /* EddystoneUIDCell.m */; };
		E94AB5981D54278C0023F14D /* EddystoneUIDCell.xib in Resources */ = {isa = PBXBuildFile; fileRef = E94AB5961D54278C0023F14D /* EddystoneUIDCell.xib */; };
		E94AB59C1D54279A0023F14D /* EddystoneURLCell.m in Sources */ = {isa = PBXBuildFile; fileRef = E94AB59A1D54279A0023F14D /* EddystoneURLCell.m */; };
		E94AB59D1D54279A0023F14D /* EddystoneURLCell.xib in Resources */ = {isa = PBXBuildFile; fileRef = E94AB59B1D54279A0023F14D /* EddystoneURLCell.xib */; };
		E94AB5A11D5427AA0023F14D /* EddystoneBeaconCell.m in Sources */ = {isa = PBXBuildFile; fileRef = E94AB59F1D5427AA0023F14D /* EddystoneBeaconCell.m */; };
		E94AB5A21D5427AA0023F14D /* EddystoneBeaconCell.xib in Resources */ = {isa = PBXBuildFile; fileRef = E94AB5A01D5427AA0023F14D /* EddystoneBeaconCell.xib */; };
		E94AB5A51D542AE80023F14D /* EddystoneViewModel.m in Sources */ = {isa = PBXBuildFile; fileRef = E94AB5A41D542AE80023F14D /* EddystoneViewModel.m */; };
		E94AB5A71D5443440023F14D /* titleView.png in Resources */ = {isa = PBXBuildFile; fileRef = E94AB5A61D5443440023F14D /* titleView.png */; };
		E94AB5A91D5443740023F14D /* passwordicon.png in Resources */ = {isa = PBXBuildFile; fileRef = E94AB5A81D5443740023F14D /* passwordicon.png */; };
		E94AB5AB1D54437B0023F14D /* refresh.png in Resources */ = {isa = PBXBuildFile; fileRef = E94AB5AA1D54437B0023F14D /* refresh.png */; };
		E94AB5AD1D5443840023F14D /* login_btn_bg.png in Resources */ = {isa = PBXBuildFile; fileRef = E94AB5AC1D5443840023F14D /* login_btn_bg.png */; };
		E94AB5B01D54602F0023F14D /* AXADetailViewController.m in Sources */ = {isa = PBXBuildFile; fileRef = E94AB5AF1D54602F0023F14D /* AXADetailViewController.m */; };
		E94AB5B41D546AA90023F14D /* DetailCell.m in Sources */ = {isa = PBXBuildFile; fileRef = E94AB5B21D546AA90023F14D /* DetailCell.m */; };
		E94AB5B51D546AA90023F14D /* DetailCell.xib in Resources */ = {isa = PBXBuildFile; fileRef = E94AB5B31D546AA90023F14D /* DetailCell.xib */; };
		E94AB5B91D546AC00023F14D /* ModifyCell.m in Sources */ = {isa = PBXBuildFile; fileRef = E94AB5B71D546AC00023F14D /* ModifyCell.m */; };
		E94AB5BA1D546AC00023F14D /* ModifyCell.xib in Resources */ = {isa = PBXBuildFile; fileRef = E94AB5B81D546AC00023F14D /* ModifyCell.xib */; };
		E97E5EDE1D64016F009E6051 /* ModifyTypeViewController.m in Sources */ = {isa = PBXBuildFile; fileRef = E97E5EDC1D64016F009E6051 /* ModifyTypeViewController.m */; };
		E97E5EDF1D64016F009E6051 /* ModifyTypeViewController.xib in Resources */ = {isa = PBXBuildFile; fileRef = E97E5EDD1D64016F009E6051 /* ModifyTypeViewController.xib */; };
		E9E8BA141DD5CB91003DCF69 /* EddystoneSDK.framework in Frameworks */ = {isa = PBXBuildFile; fileRef = E9E8BA131DD5CB91003DCF69 /* EddystoneSDK.framework */; };
		E9FE40561DD5C5A700B82ECA /* MyConst.m in Sources */ = {isa = PBXBuildFile; fileRef = E9FE40551DD5C5A700B82ECA /* MyConst.m */; };
/* End PBXBuildFile section */

/* Begin PBXContainerItemProxy section */
		E912BA731D533A660097F23A /* PBXContainerItemProxy */ = {
			isa = PBXContainerItemProxy;
			containerPortal = E912BA511D533A660097F23A /* Project object */;
			proxyType = 1;
			remoteGlobalIDString = E912BA581D533A660097F23A;
			remoteInfo = AXAEddyStone;
		};
/* End PBXContainerItemProxy section */

/* Begin PBXFileReference section */
		E905B6891D5351DC00BF8D62 /* PrefixHeader.pch */ = {isa = PBXFileReference; lastKnownFileType = sourcecode.c.h; path = PrefixHeader.pch; sourceTree = "<group>"; };
		E905B68A1D53522E00BF8D62 /* Macro.h */ = {isa = PBXFileReference; lastKnownFileType = sourcecode.c.h; path = Macro.h; sourceTree = "<group>"; };
		E912BA591D533A660097F23A /* AXAEddyStone.app */ = {isa = PBXFileReference; explicitFileType = wrapper.application; includeInIndex = 0; path = AXAEddyStone.app; sourceTree = BUILT_PRODUCTS_DIR; };
		E912BA5D1D533A660097F23A /* main.m */ = {isa = PBXFileReference; lastKnownFileType = sourcecode.c.objc; path = main.m; sourceTree = "<group>"; };
		E912BA5F1D533A660097F23A /* AppDelegate.h */ = {isa = PBXFileReference; lastKnownFileType = sourcecode.c.h; path = AppDelegate.h; sourceTree = "<group>"; };
		E912BA601D533A660097F23A /* AppDelegate.m */ = {isa = PBXFileReference; lastKnownFileType = sourcecode.c.objc; path = AppDelegate.m; sourceTree = "<group>"; };
		E912BA661D533A660097F23A /* Base */ = {isa = PBXFileReference; lastKnownFileType = file.storyboard; name = Base; path = Base.lproj/Main.storyboard; sourceTree = "<group>"; };
		E912BA681D533A660097F23A /* Assets.xcassets */ = {isa = PBXFileReference; lastKnownFileType = folder.assetcatalog; path = Assets.xcassets; sourceTree = "<group>"; };
		E912BA6B1D533A660097F23A /* Base */ = {isa = PBXFileReference; lastKnownFileType = file.storyboard; name = Base; path = Base.lproj/LaunchScreen.storyboard; sourceTree = "<group>"; };
		E912BA6D1D533A660097F23A /* Info.plist */ = {isa = PBXFileReference; lastKnownFileType = text.plist.xml; path = Info.plist; sourceTree = "<group>"; };
		E912BA721D533A660097F23A /* AXAEddyStoneTests.xctest */ = {isa = PBXFileReference; explicitFileType = wrapper.cfbundle; includeInIndex = 0; path = AXAEddyStoneTests.xctest; sourceTree = BUILT_PRODUCTS_DIR; };
		E912BA761D533A660097F23A /* AXAEddyStoneTests.m */ = {isa = PBXFileReference; lastKnownFileType = sourcecode.c.objc; path = AXAEddyStoneTests.m; sourceTree = "<group>"; };
		E912BA781D533A660097F23A /* Info.plist */ = {isa = PBXFileReference; lastKnownFileType = text.plist.xml; path = Info.plist; sourceTree = "<group>"; };
		E912BA8B1D5346F40097F23A /* AXAScanViewController.h */ = {isa = PBXFileReference; fileEncoding = 4; lastKnownFileType = sourcecode.c.h; path = AXAScanViewController.h; sourceTree = "<group>"; };
		E912BA8C1D5346F40097F23A /* AXAScanViewController.m */ = {isa = PBXFileReference; fileEncoding = 4; lastKnownFileType = sourcecode.c.objc; path = AXAScanViewController.m; sourceTree = "<group>"; };
		E912BA911D534AFF0097F23A /* UIView+Toast.h */ = {isa = PBXFileReference; fileEncoding = 4; lastKnownFileType = sourcecode.c.h; path = "UIView+Toast.h"; sourceTree = "<group>"; };
		E912BA921D534AFF0097F23A /* UIView+Toast.m */ = {isa = PBXFileReference; fileEncoding = 4; lastKnownFileType = sourcecode.c.objc; path = "UIView+Toast.m"; sourceTree = "<group>"; };
		E933E91B1D645DAB009D71AC /* PowerCell.h */ = {isa = PBXFileReference; fileEncoding = 4; lastKnownFileType = sourcecode.c.h; path = PowerCell.h; sourceTree = "<group>"; };
		E933E91C1D645DAB009D71AC /* PowerCell.m */ = {isa = PBXFileReference; fileEncoding = 4; lastKnownFileType = sourcecode.c.objc; path = PowerCell.m; sourceTree = "<group>"; };
		E933E91D1D645DAB009D71AC /* PowerCell.xib */ = {isa = PBXFileReference; fileEncoding = 4; lastKnownFileType = file.xib; path = PowerCell.xib; sourceTree = "<group>"; };
		E939A2BA1D5857B50069CB57 /* AXACellArrayModel.h */ = {isa = PBXFileReference; fileEncoding = 4; lastKnownFileType = sourcecode.c.h; path = AXACellArrayModel.h; sourceTree = "<group>"; };
		E939A2BB1D5857B50069CB57 /* AXACellArrayModel.m */ = {isa = PBXFileReference; fileEncoding = 4; lastKnownFileType = sourcecode.c.objc; path = AXACellArrayModel.m; sourceTree = "<group>"; };
		E9414BBC1D653E800026AA49 /* ModifyPasswordViewController.h */ = {isa = PBXFileReference; fileEncoding = 4; lastKnownFileType = sourcecode.c.h; path = ModifyPasswordViewController.h; sourceTree = "<group>"; };
		E9414BBD1D653E800026AA49 /* ModifyPasswordViewController.m */ = {isa = PBXFileReference; fileEncoding = 4; lastKnownFileType = sourcecode.c.objc; path = ModifyPasswordViewController.m; sourceTree = "<group>"; };
		E9414BBF1D6543480026AA49 /* NSString+Extension.h */ = {isa = PBXFileReference; fileEncoding = 4; lastKnownFileType = sourcecode.c.h; path = "NSString+Extension.h"; sourceTree = "<group>"; };
		E9414BC01D6543480026AA49 /* NSString+Extension.m */ = {isa = PBXFileReference; fileEncoding = 4; lastKnownFileType = sourcecode.c.objc; path = "NSString+Extension.m"; sourceTree = "<group>"; };
		E94AB5941D54278C0023F14D /* EddystoneUIDCell.h */ = {isa = PBXFileReference; fileEncoding = 4; lastKnownFileType = sourcecode.c.h; path = EddystoneUIDCell.h; sourceTree = "<group>"; };
		E94AB5951D54278C0023F14D /* EddystoneUIDCell.m */ = {isa = PBXFileReference; fileEncoding = 4; lastKnownFileType = sourcecode.c.objc; path = EddystoneUIDCell.m; sourceTree = "<group>"; };
		E94AB5961D54278C0023F14D /* EddystoneUIDCell.xib */ = {isa = PBXFileReference; fileEncoding = 4; lastKnownFileType = file.xib; path = EddystoneUIDCell.xib; sourceTree = "<group>"; };
		E94AB5991D54279A0023F14D /* EddystoneURLCell.h */ = {isa = PBXFileReference; fileEncoding = 4; lastKnownFileType = sourcecode.c.h; path = EddystoneURLCell.h; sourceTree = "<group>"; };
		E94AB59A1D54279A0023F14D /* EddystoneURLCell.m */ = {isa = PBXFileReference; fileEncoding = 4; lastKnownFileType = sourcecode.c.objc; path = EddystoneURLCell.m; sourceTree = "<group>"; };
		E94AB59B1D54279A0023F14D /* EddystoneURLCell.xib */ = {isa = PBXFileReference; fileEncoding = 4; lastKnownFileType = file.xib; path = EddystoneURLCell.xib; sourceTree = "<group>"; };
		E94AB59E1D5427AA0023F14D /* EddystoneBeaconCell.h */ = {isa = PBXFileReference; fileEncoding = 4; lastKnownFileType = sourcecode.c.h; path = EddystoneBeaconCell.h; sourceTree = "<group>"; };
		E94AB59F1D5427AA0023F14D /* EddystoneBeaconCell.m */ = {isa = PBXFileReference; fileEncoding = 4; lastKnownFileType = sourcecode.c.objc; path = EddystoneBeaconCell.m; sourceTree = "<group>"; };
		E94AB5A01D5427AA0023F14D /* EddystoneBeaconCell.xib */ = {isa = PBXFileReference; fileEncoding = 4; lastKnownFileType = file.xib; path = EddystoneBeaconCell.xib; sourceTree = "<group>"; };
		E94AB5A31D542AE80023F14D /* EddystoneViewModel.h */ = {isa = PBXFileReference; fileEncoding = 4; lastKnownFileType = sourcecode.c.h; path = EddystoneViewModel.h; sourceTree = "<group>"; };
		E94AB5A41D542AE80023F14D /* EddystoneViewModel.m */ = {isa = PBXFileReference; fileEncoding = 4; lastKnownFileType = sourcecode.c.objc; path = EddystoneViewModel.m; sourceTree = "<group>"; };
		E94AB5A61D5443440023F14D /* titleView.png */ = {isa = PBXFileReference; lastKnownFileType = image.png; path = titleView.png; sourceTree = "<group>"; };
		E94AB5A81D5443740023F14D /* passwordicon.png */ = {isa = PBXFileReference; lastKnownFileType = image.png; path = passwordicon.png; sourceTree = "<group>"; };
		E94AB5AA1D54437B0023F14D /* refresh.png */ = {isa = PBXFileReference; lastKnownFileType = image.png; path = refresh.png; sourceTree = "<group>"; };
		E94AB5AC1D5443840023F14D /* login_btn_bg.png */ = {isa = PBXFileReference; lastKnownFileType = image.png; path = login_btn_bg.png; sourceTree = "<group>"; };
		E94AB5AE1D54602F0023F14D /* AXADetailViewController.h */ = {isa = PBXFileReference; fileEncoding = 4; lastKnownFileType = sourcecode.c.h; path = AXADetailViewController.h; sourceTree = "<group>"; };
		E94AB5AF1D54602F0023F14D /* AXADetailViewController.m */ = {isa = PBXFileReference; fileEncoding = 4; lastKnownFileType = sourcecode.c.objc; path = AXADetailViewController.m; sourceTree = "<group>"; };
		E94AB5B11D546AA90023F14D /* DetailCell.h */ = {isa = PBXFileReference; fileEncoding = 4; lastKnownFileType = sourcecode.c.h; path = DetailCell.h; sourceTree = "<group>"; };
		E94AB5B21D546AA90023F14D /* DetailCell.m */ = {isa = PBXFileReference; fileEncoding = 4; lastKnownFileType = sourcecode.c.objc; path = DetailCell.m; sourceTree = "<group>"; };
		E94AB5B31D546AA90023F14D /* DetailCell.xib */ = {isa = PBXFileReference; fileEncoding = 4; lastKnownFileType = file.xib; path = DetailCell.xib; sourceTree = "<group>"; };
		E94AB5B61D546AC00023F14D /* ModifyCell.h */ = {isa = PBXFileReference; fileEncoding = 4; lastKnownFileType = sourcecode.c.h; path = ModifyCell.h; sourceTree = "<group>"; };
		E94AB5B71D546AC00023F14D /* ModifyCell.m */ = {isa = PBXFileReference; fileEncoding = 4; lastKnownFileType = sourcecode.c.objc; path = ModifyCell.m; sourceTree = "<group>"; };
		E94AB5B81D546AC00023F14D /* ModifyCell.xib */ = {isa = PBXFileReference; fileEncoding = 4; lastKnownFileType = file.xib; path = ModifyCell.xib; sourceTree = "<group>"; };
		E97E5EDB1D64016F009E6051 /* ModifyTypeViewController.h */ = {isa = PBXFileReference; fileEncoding = 4; lastKnownFileType = sourcecode.c.h; path = ModifyTypeViewController.h; sourceTree = "<group>"; };
		E97E5EDC1D64016F009E6051 /* ModifyTypeViewController.m */ = {isa = PBXFileReference; fileEncoding = 4; lastKnownFileType = sourcecode.c.objc; path = ModifyTypeViewController.m; sourceTree = "<group>"; };
		E97E5EDD1D64016F009E6051 /* ModifyTypeViewController.xib */ = {isa = PBXFileReference; fileEncoding = 4; lastKnownFileType = file.xib; path = ModifyTypeViewController.xib; sourceTree = "<group>"; };
		E9E8BA131DD5CB91003DCF69 /* EddystoneSDK.framework */ = {isa = PBXFileReference; lastKnownFileType = wrapper.framework; path = EddystoneSDK.framework; sourceTree = "<group>"; };
		E9FE40541DD5C5A700B82ECA /* MyConst.h */ = {isa = PBXFileReference; fileEncoding = 4; lastKnownFileType = sourcecode.c.h; path = MyConst.h; sourceTree = "<group>"; };
		E9FE40551DD5C5A700B82ECA /* MyConst.m */ = {isa = PBXFileReference; fileEncoding = 4; lastKnownFileType = sourcecode.c.objc; path = MyConst.m; sourceTree = "<group>"; };
/* End PBXFileReference section */

/* Begin PBXFrameworksBuildPhase section */
		E912BA561D533A660097F23A /* Frameworks */ = {
			isa = PBXFrameworksBuildPhase;
			buildActionMask = 2147483647;
			files = (
				E9E8BA141DD5CB91003DCF69 /* EddystoneSDK.framework in Frameworks */,
			);
			runOnlyForDeploymentPostprocessing = 0;
		};
		E912BA6F1D533A660097F23A /* Frameworks */ = {
			isa = PBXFrameworksBuildPhase;
			buildActionMask = 2147483647;
			files = (
			);
			runOnlyForDeploymentPostprocessing = 0;
		};
/* End PBXFrameworksBuildPhase section */

/* Begin PBXGroup section */
		E912BA501D533A660097F23A = {
			isa = PBXGroup;
			children = (
				E912BA5B1D533A660097F23A /* AXAEddyStone */,
				E912BA751D533A660097F23A /* AXAEddyStoneTests */,
				E912BA5A1D533A660097F23A /* Products */,
			);
			sourceTree = "<group>";
		};
		E912BA5A1D533A660097F23A /* Products */ = {
			isa = PBXGroup;
			children = (
				E912BA591D533A660097F23A /* AXAEddyStone.app */,
				E912BA721D533A660097F23A /* AXAEddyStoneTests.xctest */,
			);
			name = Products;
			sourceTree = "<group>";
		};
		E912BA5B1D533A660097F23A /* AXAEddyStone */ = {
			isa = PBXGroup;
			children = (
				E9E8BA131DD5CB91003DCF69 /* EddystoneSDK.framework */,
				E912BA8A1D5346A70097F23A /* ViewModels */,
				E912BA891D5346980097F23A /* Controllers */,
				E912BA881D5346920097F23A /* Models */,
				E912BA871D53468D0097F23A /* Resources */,
				E912BA861D5346880097F23A /* ThirdLibs */,
				E912BA851D5346830097F23A /* Tools */,
				E912BA841D5346790097F23A /* Views */,
				E912BA5F1D533A660097F23A /* AppDelegate.h */,
				E912BA601D533A660097F23A /* AppDelegate.m */,
				E912BA651D533A660097F23A /* Main.storyboard */,
				E912BA681D533A660097F23A /* Assets.xcassets */,
				E912BA6A1D533A660097F23A /* LaunchScreen.storyboard */,
				E912BA5C1D533A660097F23A /* Supporting Files */,
			);
			path = AXAEddyStone;
			sourceTree = "<group>";
		};
		E912BA5C1D533A660097F23A /* Supporting Files */ = {
			isa = PBXGroup;
			children = (
				E912BA6D1D533A660097F23A /* Info.plist */,
				E912BA5D1D533A660097F23A /* main.m */,
				E905B6891D5351DC00BF8D62 /* PrefixHeader.pch */,
			);
			name = "Supporting Files";
			sourceTree = "<group>";
		};
		E912BA751D533A660097F23A /* AXAEddyStoneTests */ = {
			isa = PBXGroup;
			children = (
				E912BA761D533A660097F23A /* AXAEddyStoneTests.m */,
				E912BA781D533A660097F23A /* Info.plist */,
			);
			path = AXAEddyStoneTests;
			sourceTree = "<group>";
		};
		E912BA841D5346790097F23A /* Views */ = {
			isa = PBXGroup;
			children = (
				E94AB5941D54278C0023F14D /* EddystoneUIDCell.h */,
				E94AB5951D54278C0023F14D /* EddystoneUIDCell.m */,
				E94AB5961D54278C0023F14D /* EddystoneUIDCell.xib */,
				E94AB5991D54279A0023F14D /* EddystoneURLCell.h */,
				E94AB59A1D54279A0023F14D /* EddystoneURLCell.m */,
				E94AB59B1D54279A0023F14D /* EddystoneURLCell.xib */,
				E94AB59E1D5427AA0023F14D /* EddystoneBeaconCell.h */,
				E94AB59F1D5427AA0023F14D /* EddystoneBeaconCell.m */,
				E94AB5A01D5427AA0023F14D /* EddystoneBeaconCell.xib */,
				E94AB5B11D546AA90023F14D /* DetailCell.h */,
				E94AB5B21D546AA90023F14D /* DetailCell.m */,
				E94AB5B31D546AA90023F14D /* DetailCell.xib */,
				E94AB5B61D546AC00023F14D /* ModifyCell.h */,
				E94AB5B71D546AC00023F14D /* ModifyCell.m */,
				E94AB5B81D546AC00023F14D /* ModifyCell.xib */,
				E933E91B1D645DAB009D71AC /* PowerCell.h */,
				E933E91C1D645DAB009D71AC /* PowerCell.m */,
				E933E91D1D645DAB009D71AC /* PowerCell.xib */,
			);
			path = Views;
			sourceTree = "<group>";
		};
		E912BA851D5346830097F23A /* Tools */ = {
			isa = PBXGroup;
			children = (
				E905B68A1D53522E00BF8D62 /* Macro.h */,
				E9414BBF1D6543480026AA49 /* NSString+Extension.h */,
				E9414BC01D6543480026AA49 /* NSString+Extension.m */,
				E9FE40541DD5C5A700B82ECA /* MyConst.h */,
				E9FE40551DD5C5A700B82ECA /* MyConst.m */,
			);
			path = Tools;
			sourceTree = "<group>";
		};
		E912BA861D5346880097F23A /* ThirdLibs */ = {
			isa = PBXGroup;
			children = (
				E912BA911D534AFF0097F23A /* UIView+Toast.h */,
				E912BA921D534AFF0097F23A /* UIView+Toast.m */,
			);
			path = ThirdLibs;
			sourceTree = "<group>";
		};
		E912BA871D53468D0097F23A /* Resources */ = {
			isa = PBXGroup;
			children = (
				E94AB5AC1D5443840023F14D /* login_btn_bg.png */,
				E94AB5AA1D54437B0023F14D /* refresh.png */,
				E94AB5A81D5443740023F14D /* passwordicon.png */,
				E94AB5A61D5443440023F14D /* titleView.png */,
			);
			path = Resources;
			sourceTree = "<group>";
		};
		E912BA881D5346920097F23A /* Models */ = {
			isa = PBXGroup;
			children = (
				E939A2BA1D5857B50069CB57 /* AXACellArrayModel.h */,
				E939A2BB1D5857B50069CB57 /* AXACellArrayModel.m */,
			);
			path = Models;
			sourceTree = "<group>";
		};
		E912BA891D5346980097F23A /* Controllers */ = {
			isa = PBXGroup;
			children = (
				E912BA8B1D5346F40097F23A /* AXAScanViewController.h */,
				E912BA8C1D5346F40097F23A /* AXAScanViewController.m */,
				E94AB5AE1D54602F0023F14D /* AXADetailViewController.h */,
				E94AB5AF1D54602F0023F14D /* AXADetailViewController.m */,
				E97E5EDB1D64016F009E6051 /* ModifyTypeViewController.h */,
				E97E5EDC1D64016F009E6051 /* ModifyTypeViewController.m */,
				E97E5EDD1D64016F009E6051 /* ModifyTypeViewController.xib */,
				E9414BBC1D653E800026AA49 /* ModifyPasswordViewController.h */,
				E9414BBD1D653E800026AA49 /* ModifyPasswordViewController.m */,
			);
			path = Controllers;
			sourceTree = "<group>";
		};
		E912BA8A1D5346A70097F23A /* ViewModels */ = {
			isa = PBXGroup;
			children = (
				E94AB5A31D542AE80023F14D /* EddystoneViewModel.h */,
				E94AB5A41D542AE80023F14D /* EddystoneViewModel.m */,
			);
			path = ViewModels;
			sourceTree = "<group>";
		};
/* End PBXGroup section */

/* Begin PBXNativeTarget section */
		E912BA581D533A660097F23A /* AXAEddyStone */ = {
			isa = PBXNativeTarget;
			buildConfigurationList = E912BA7B1D533A660097F23A /* Build configuration list for PBXNativeTarget "AXAEddyStone" */;
			buildPhases = (
				E912BA551D533A660097F23A /* Sources */,
				E912BA561D533A660097F23A /* Frameworks */,
				E912BA571D533A660097F23A /* Resources */,
			);
			buildRules = (
			);
			dependencies = (
			);
			name = AXAEddyStone;
			productName = AXAEddyStone;
			productReference = E912BA591D533A660097F23A /* AXAEddyStone.app */;
			productType = "com.apple.product-type.application";
		};
		E912BA711D533A660097F23A /* AXAEddyStoneTests */ = {
			isa = PBXNativeTarget;
			buildConfigurationList = E912BA7E1D533A660097F23A /* Build configuration list for PBXNativeTarget "AXAEddyStoneTests" */;
			buildPhases = (
				E912BA6E1D533A660097F23A /* Sources */,
				E912BA6F1D533A660097F23A /* Frameworks */,
				E912BA701D533A660097F23A /* Resources */,
			);
			buildRules = (
			);
			dependencies = (
				E912BA741D533A660097F23A /* PBXTargetDependency */,
			);
			name = AXAEddyStoneTests;
			productName = AXAEddyStoneTests;
			productReference = E912BA721D533A660097F23A /* AXAEddyStoneTests.xctest */;
			productType = "com.apple.product-type.bundle.unit-test";
		};
/* End PBXNativeTarget section */

/* Begin PBXProject section */
		E912BA511D533A660097F23A /* Project object */ = {
			isa = PBXProject;
			attributes = {
				LastUpgradeCheck = 0730;
				ORGANIZATIONNAME = axaet;
				TargetAttributes = {
					E912BA581D533A660097F23A = {
						CreatedOnToolsVersion = 7.3.1;
						DevelopmentTeam = 78NXZ6AKR2;
					};
					E912BA711D533A660097F23A = {
						CreatedOnToolsVersion = 7.3.1;
						TestTargetID = E912BA581D533A660097F23A;
					};
				};
			};
			buildConfigurationList = E912BA541D533A660097F23A /* Build configuration list for PBXProject "AXAEddyStone" */;
			compatibilityVersion = "Xcode 3.2";
			developmentRegion = English;
			hasScannedForEncodings = 0;
			knownRegions = (
				en,
				Base,
			);
			mainGroup = E912BA501D533A660097F23A;
			productRefGroup = E912BA5A1D533A660097F23A /* Products */;
			projectDirPath = "";
			projectRoot = "";
			targets = (
				E912BA581D533A660097F23A /* AXAEddyStone */,
				E912BA711D533A660097F23A /* AXAEddyStoneTests */,
			);
		};
/* End PBXProject section */

/* Begin PBXResourcesBuildPhase section */
		E912BA571D533A660097F23A /* Resources */ = {
			isa = PBXResourcesBuildPhase;
			buildActionMask = 2147483647;
			files = (
				E94AB5B51D546AA90023F14D /* DetailCell.xib in Resources */,
				E912BA6C1D533A660097F23A /* LaunchScreen.storyboard in Resources */,
				E94AB5A71D5443440023F14D /* titleView.png in Resources */,
				E94AB5A21D5427AA0023F14D /* EddystoneBeaconCell.xib in Resources */,
				E912BA691D533A660097F23A /* Assets.xcassets in Resources */,
				E94AB5981D54278C0023F14D /* EddystoneUIDCell.xib in Resources */,
				E94AB59D1D54279A0023F14D /* EddystoneURLCell.xib in Resources */,
				E933E91F1D645DAB009D71AC /* PowerCell.xib in Resources */,
				E912BA671D533A660097F23A /* Main.storyboard in Resources */,
				E94AB5AD1D5443840023F14D /* login_btn_bg.png in Resources */,
				E94AB5AB1D54437B0023F14D /* refresh.png in Resources */,
				E94AB5A91D5443740023F14D /* passwordicon.png in Resources */,
				E97E5EDF1D64016F009E6051 /* ModifyTypeViewController.xib in Resources */,
				E94AB5BA1D546AC00023F14D /* ModifyCell.xib in Resources */,
			);
			runOnlyForDeploymentPostprocessing = 0;
		};
		E912BA701D533A660097F23A /* Resources */ = {
			isa = PBXResourcesBuildPhase;
			buildActionMask = 2147483647;
			files = (
			);
			runOnlyForDeploymentPostprocessing = 0;
		};
/* End PBXResourcesBuildPhase section */

/* Begin PBXSourcesBuildPhase section */
		E912BA551D533A660097F23A /* Sources */ = {
			isa = PBXSourcesBuildPhase;
			buildActionMask = 2147483647;
			files = (
				E94AB5B01D54602F0023F14D /* AXADetailViewController.m in Sources */,
				E912BA8D1D5346F40097F23A /* AXAScanViewController.m in Sources */,
				E912BA611D533A660097F23A /* AppDelegate.m in Sources */,
				E9414BBE1D653E800026AA49 /* ModifyPasswordViewController.m in Sources */,
				E94AB5A51D542AE80023F14D /* EddystoneViewModel.m in Sources */,
				E94AB59C1D54279A0023F14D /* EddystoneURLCell.m in Sources */,
				E9414BC11D6543480026AA49 /* NSString+Extension.m in Sources */,
				E912BA5E1D533A660097F23A /* main.m in Sources */,
				E912BA931D534AFF0097F23A /* UIView+Toast.m in Sources */,
				E94AB5B41D546AA90023F14D /* DetailCell.m in Sources */,
				E9FE40561DD5C5A700B82ECA /* MyConst.m in Sources */,
				E94AB5B91D546AC00023F14D /* ModifyCell.m in Sources */,
				E97E5EDE1D64016F009E6051 /* ModifyTypeViewController.m in Sources */,
				E939A2BC1D5857B50069CB57 /* AXACellArrayModel.m in Sources */,
				E933E91E1D645DAB009D71AC /* PowerCell.m in Sources */,
				E94AB5A11D5427AA0023F14D /* EddystoneBeaconCell.m in Sources */,
				E94AB5971D54278C0023F14D /* EddystoneUIDCell.m in Sources */,
			);
			runOnlyForDeploymentPostprocessing = 0;
		};
		E912BA6E1D533A660097F23A /* Sources */ = {
			isa = PBXSourcesBuildPhase;
			buildActionMask = 2147483647;
			files = (
				E912BA771D533A660097F23A /* AXAEddyStoneTests.m in Sources */,
			);
			runOnlyForDeploymentPostprocessing = 0;
		};
/* End PBXSourcesBuildPhase section */

/* Begin PBXTargetDependency section */
		E912BA741D533A660097F23A /* PBXTargetDependency */ = {
			isa = PBXTargetDependency;
			target = E912BA581D533A660097F23A /* AXAEddyStone */;
			targetProxy = E912BA731D533A660097F23A /* PBXContainerItemProxy */;
		};
/* End PBXTargetDependency section */

/* Begin PBXVariantGroup section */
		E912BA651D533A660097F23A /* Main.storyboard */ = {
			isa = PBXVariantGroup;
			children = (
				E912BA661D533A660097F23A /* Base */,
			);
			name = Main.storyboard;
			sourceTree = "<group>";
		};
		E912BA6A1D533A660097F23A /* LaunchScreen.storyboard */ = {
			isa = PBXVariantGroup;
			children = (
				E912BA6B1D533A660097F23A /* Base */,
			);
			name = LaunchScreen.storyboard;
			sourceTree = "<group>";
		};
/* End PBXVariantGroup section */

/* Begin XCBuildConfiguration section */
		E912BA791D533A660097F23A /* Debug */ = {
			isa = XCBuildConfiguration;
			buildSettings = {
				ALWAYS_SEARCH_USER_PATHS = NO;
				CLANG_ANALYZER_NONNULL = YES;
				CLANG_CXX_LANGUAGE_STANDARD = "gnu++0x";
				CLANG_CXX_LIBRARY = "libc++";
				CLANG_ENABLE_MODULES = YES;
				CLANG_ENABLE_OBJC_ARC = YES;
				CLANG_WARN_BOOL_CONVERSION = YES;
				CLANG_WARN_CONSTANT_CONVERSION = YES;
				CLANG_WARN_DIRECT_OBJC_ISA_USAGE = YES_ERROR;
				CLANG_WARN_EMPTY_BODY = YES;
				CLANG_WARN_ENUM_CONVERSION = YES;
				CLANG_WARN_INT_CONVERSION = YES;
				CLANG_WARN_OBJC_ROOT_CLASS = YES_ERROR;
				CLANG_WARN_UNREACHABLE_CODE = YES;
				CLANG_WARN__DUPLICATE_METHOD_MATCH = YES;
				"CODE_SIGN_IDENTITY[sdk=iphoneos*]" = "iPhone Developer";
				COPY_PHASE_STRIP = NO;
				DEBUG_INFORMATION_FORMAT = dwarf;
				ENABLE_STRICT_OBJC_MSGSEND = YES;
				ENABLE_TESTABILITY = YES;
				GCC_C_LANGUAGE_STANDARD = gnu99;
				GCC_DYNAMIC_NO_PIC = NO;
				GCC_NO_COMMON_BLOCKS = YES;
				GCC_OPTIMIZATION_LEVEL = 0;
				GCC_PREPROCESSOR_DEFINITIONS = (
					"DEBUG=1",
					"$(inherited)",
				);
				GCC_WARN_64_TO_32_BIT_CONVERSION = YES;
				GCC_WARN_ABOUT_RETURN_TYPE = YES_ERROR;
				GCC_WARN_UNDECLARED_SELECTOR = YES;
				GCC_WARN_UNINITIALIZED_AUTOS = YES_AGGRESSIVE;
				GCC_WARN_UNUSED_FUNCTION = YES;
				GCC_WARN_UNUSED_VARIABLE = YES;
				IPHONEOS_DEPLOYMENT_TARGET = 7.0;
				MTL_ENABLE_DEBUG_INFO = YES;
				ONLY_ACTIVE_ARCH = YES;
				SDKROOT = iphoneos;
			};
			name = Debug;
		};
		E912BA7A1D533A660097F23A /* Release */ = {
			isa = XCBuildConfiguration;
			buildSettings = {
				ALWAYS_SEARCH_USER_PATHS = NO;
				CLANG_ANALYZER_NONNULL = YES;
				CLANG_CXX_LANGUAGE_STANDARD = "gnu++0x";
				CLANG_CXX_LIBRARY = "libc++";
				CLANG_ENABLE_MODULES = YES;
				CLANG_ENABLE_OBJC_ARC = YES;
				CLANG_WARN_BOOL_CONVERSION = YES;
				CLANG_WARN_CONSTANT_CONVERSION = YES;
				CLANG_WARN_DIRECT_OBJC_ISA_USAGE = YES_ERROR;
				CLANG_WARN_EMPTY_BODY = YES;
				CLANG_WARN_ENUM_CONVERSION = YES;
				CLANG_WARN_INT_CONVERSION = YES;
				CLANG_WARN_OBJC_ROOT_CLASS = YES_ERROR;
				CLANG_WARN_UNREACHABLE_CODE = YES;
				CLANG_WARN__DUPLICATE_METHOD_MATCH = YES;
				"CODE_SIGN_IDENTITY[sdk=iphoneos*]" = "iPhone Developer";
				COPY_PHASE_STRIP = NO;
				DEBUG_INFORMATION_FORMAT = "dwarf-with-dsym";
				ENABLE_NS_ASSERTIONS = NO;
				ENABLE_STRICT_OBJC_MSGSEND = YES;
				GCC_C_LANGUAGE_STANDARD = gnu99;
				GCC_NO_COMMON_BLOCKS = YES;
				GCC_WARN_64_TO_32_BIT_CONVERSION = YES;
				GCC_WARN_ABOUT_RETURN_TYPE = YES_ERROR;
				GCC_WARN_UNDECLARED_SELECTOR = YES;
				GCC_WARN_UNINITIALIZED_AUTOS = YES_AGGRESSIVE;
				GCC_WARN_UNUSED_FUNCTION = YES;
				GCC_WARN_UNUSED_VARIABLE = YES;
				IPHONEOS_DEPLOYMENT_TARGET = 7.0;
				MTL_ENABLE_DEBUG_INFO = NO;
				SDKROOT = iphoneos;
				VALIDATE_PRODUCT = YES;
			};
			name = Release;
		};
		E912BA7C1D533A660097F23A /* Debug */ = {
			isa = XCBuildConfiguration;
			buildSettings = {
				ASSETCATALOG_COMPILER_APPICON_NAME = AppIcon;
				CODE_SIGN_IDENTITY = "iPhone Developer";
				FRAMEWORK_SEARCH_PATHS = (
					"$(inherited)",
					"$(PROJECT_DIR)/AXAEddyStone",
				);
				GCC_PREFIX_HEADER = "$(PRODUCT_NAME)/PrefixHeader.pch";
				INFOPLIST_FILE = AXAEddyStone/Info.plist;
				LD_RUNPATH_SEARCH_PATHS = "$(inherited) @executable_path/Frameworks";
				PRODUCT_BUNDLE_IDENTIFIER = com.axaet.AXAEddyStone;
				PRODUCT_NAME = "$(TARGET_NAME)";
				TARGETED_DEVICE_FAMILY = "1,2";
			};
			name = Debug;
		};
		E912BA7D1D533A660097F23A /* Release */ = {
			isa = XCBuildConfiguration;
			buildSettings = {
				ASSETCATALOG_COMPILER_APPICON_NAME = AppIcon;
				CODE_SIGN_IDENTITY = "iPhone Developer";
				FRAMEWORK_SEARCH_PATHS = (
					"$(inherited)",
					"$(PROJECT_DIR)/AXAEddyStone",
				);
				GCC_PREFIX_HEADER = "$(PRODUCT_NAME)/PrefixHeader.pch";
				INFOPLIST_FILE = AXAEddyStone/Info.plist;
				LD_RUNPATH_SEARCH_PATHS = "$(inherited) @executable_path/Frameworks";
				PRODUCT_BUNDLE_IDENTIFIER = com.axaet.AXAEddyStone;
				PRODUCT_NAME = "$(TARGET_NAME)";
				TARGETED_DEVICE_FAMILY = "1,2";
			};
			name = Release;
		};
		E912BA7F1D533A660097F23A /* Debug */ = {
			isa = XCBuildConfiguration;
			buildSettings = {
				BUNDLE_LOADER = "$(TEST_HOST)";
				INFOPLIST_FILE = AXAEddyStoneTests/Info.plist;
				LD_RUNPATH_SEARCH_PATHS = "$(inherited) @executable_path/Frameworks @loader_path/Frameworks";
				PRODUCT_BUNDLE_IDENTIFIER = com.axaet.AXAEddyStoneTests;
				PRODUCT_NAME = "$(TARGET_NAME)";
				TEST_HOST = "$(BUILT_PRODUCTS_DIR)/AXAEddyStone.app/AXAEddyStone";
			};
			name = Debug;
		};
		E912BA801D533A660097F23A /* Release */ = {
			isa = XCBuildConfiguration;
			buildSettings = {
				BUNDLE_LOADER = "$(TEST_HOST)";
				INFOPLIST_FILE = AXAEddyStoneTests/Info.plist;
				LD_RUNPATH_SEARCH_PATHS = "$(inherited) @executable_path/Frameworks @loader_path/Frameworks";
				PRODUCT_BUNDLE_IDENTIFIER = com.axaet.AXAEddyStoneTests;
				PRODUCT_NAME = "$(TARGET_NAME)";
				TEST_HOST = "$(BUILT_PRODUCTS_DIR)/AXAEddyStone.app/AXAEddyStone";
			};
			name = Release;
		};
/* End XCBuildConfiguration section */

/* Begin XCConfigurationList section */
		E912BA541D533A660097F23A /* Build configuration list for PBXProject "AXAEddyStone" */ = {
			isa = XCConfigurationList;
			buildConfigurations = (
				E912BA791D533A660097F23A /* Debug */,
				E912BA7A1D533A660097F23A /* Release */,
			);
			defaultConfigurationIsVisible = 0;
			defaultConfigurationName = Release;
		};
		E912BA7B1D533A660097F23A /* Build configuration list for PBXNativeTarget "AXAEddyStone" */ = {
			isa = XCConfigurationList;
			buildConfigurations = (
				E912BA7C1D533A660097F23A /* Debug */,
				E912BA7D1D533A660097F23A /* Release */,
			);
			defaultConfigurationIsVisible = 0;
			defaultConfigurationName = Release;
		};
		E912BA7E1D533A660097F23A /* Build configuration list for PBXNativeTarget "AXAEddyStoneTests" */ = {
			isa = XCConfigurationList;
			buildConfigurations = (
				E912BA7F1D533A660097F23A /* Debug */,
				E912BA801D533A660097F23A /* Release */,
			);
			defaultConfigurationIsVisible = 0;
			defaultConfigurationName = Release;
		};
/* End XCConfigurationList section */
	};
	rootObject = E912BA511D533A660097F23A /* Project object */;
}
